
Microsoft Visual Studio Solution File, Format Version 12.00
# Visual Studio Version 17
VisualStudioVersion = 17.14.36414.22
MinimumVisualStudioVersion = 10.0.40219.1
Project("{FAE04EC0-301F-11D3-BF4B-00C04F79EFBC}") = "exe_patcher", "exe_patcher\exe_patcher.csproj", "{EF9E5505-FE54-4D18-A669-1FAF1524AF8C}"
EndProject
Project("{FAE04EC0-301F-11D3-BF4B-00C04F79EFBC}") = "k_knight_mod_repo", "k_knight_mod_repo\k_knight_mod_repo.csproj", "{E08736F5-11AD-4D8E-8EF8-8CDB5341BD45}"
EndProject
Global
	GlobalSection(SolutionConfigurationPlatforms) = preSolution
		Debug|Any CPU = Debug|Any CPU
		Release|Any CPU = Release|Any CPU
	EndGlobalSection
	GlobalSection(ProjectConfigurationPlatforms) = postSolution
		{EF9E5505-FE54-4D18-A669-1FAF1524AF8C}.Debug|Any CPU.ActiveCfg = Debug|Any CPU
		{EF9E5505-FE54-4D18-A669-1FAF1524AF8C}.Debug|Any CPU.Build.0 = Debug|Any CPU
		{EF9E5505-FE54-4D18-A669-1FAF1524AF8C}.Release|Any CPU.ActiveCfg = Release|Any CPU
		{EF9E5505-FE54-4D18-A669-1FAF1524AF8C}.Release|Any CPU.Build.0 = Release|Any CPU
		{E08736F5-11AD-4D8E-8EF8-8CDB5341BD45}.Debug|Any CPU.ActiveCfg = Debug|Any CPU
		{E08736F5-11AD-4D8E-8EF8-8CDB5341BD45}.Debug|Any CPU.Build.0 = Debug|Any CPU
		{E08736F5-11AD-4D8E-8EF8-8CDB5341BD45}.Release|Any CPU.ActiveCfg = Release|Any CPU
		{E08736F5-11AD-4D8E-8EF8-8CDB5341BD45}.Release|Any CPU.Build.0 = Release|Any CPU
	EndGlobalSection
	GlobalSection(SolutionProperties) = preSolution
		HideSolutionNode = FALSE
	EndGlobalSection
	GlobalSection(ExtensibilityGlobals) = postSolution
		SolutionGuid = {30A88EBF-058B-4614-B64F-1D9C5B8643F6}
	EndGlobalSection
EndGlobal
